
Microsoft Visual Studio Solution File, Format Version 12.00
# Visual Studio Version 17
VisualStudioVersion = 17.6.33712.159
MinimumVisualStudioVersion = 10.0.40219.1
Project("{FAE04EC0-301F-11D3-BF4B-00C04F79EFBC}") = "PlaceholderProgram", "PlaceholderProgram\PlaceholderProgram.csproj", "{B94AD4E6-59FC-4028-8FFF-599D97C348A3}"
EndProject
Global
	GlobalSection(SolutionConfigurationPlatforms) = preSolution
		Debug|Any CPU = Debug|Any CPU
		Release|Any CPU = Release|Any CPU
	EndGlobalSection
	GlobalSection(ProjectConfigurationPlatforms) = postSolution
		{B94AD4E6-59FC-4028-8FFF-599D97C348A3}.Debug|Any CPU.ActiveCfg = Debug|Any CPU
		{B94AD4E6-59FC-4028-8FFF-599D97C348A3}.Debug|Any CPU.Build.0 = Debug|Any CPU
		{B94AD4E6-59FC-4028-8FFF-599D97C348A3}.Release|Any CPU.ActiveCfg = Release|Any CPU
		{B94AD4E6-59FC-4028-8FFF-599D97C348A3}.Release|Any CPU.Build.0 = Release|Any CPU
	EndGlobalSection
	GlobalSection(SolutionProperties) = preSolution
		HideSolutionNode = FALSE
	EndGlobalSection
	GlobalSection(ExtensibilityGlobals) = postSolution
		SolutionGuid = {18969EA0-5D50-4180-917A-52B08D4009D1}
	EndGlobalSection
EndGlobal
